
Microsoft Visual Studio Solution File, Format Version 12.00
# Visual Studio Version 16
VisualStudioVersion = 16.0.31702.278
MinimumVisualStudioVersion = 10.0.40219.1
Project("{8BC9CEB8-8B4A-11D0-8D11-00A0C91BC942}") = "game", "game\game.vcxproj", "{63D0C2B8-3D9F-4821-86EE-409B42F31D51}"
EndProject
Global
	GlobalSection(SolutionConfigurationPlatforms) = preSolution
		Debug|x64 = Debug|x64
		Debug|x86 = Debug|x86
		Release|x64 = Release|x64
		Release|x86 = Release|x86
	EndGlobalSection
	GlobalSection(ProjectConfigurationPlatforms) = postSolution
		{63D0C2B8-3D9F-4821-86EE-409B42F31D51}.Debug|x64.ActiveCfg = Debug|x64
		{63D0C2B8-3D9F-4821-86EE-409B42F31D51}.Debug|x64.Build.0 = Debug|x64
		{63D0C2B8-3D9F-4821-86EE-409B42F31D51}.Debug|x86.ActiveCfg = Debug|Win32
		{63D0C2B8-3D9F-4821-86EE-409B42F31D51}.Debug|x86.Build.0 = Debug|Win32
		{63D0C2B8-3D9F-4821-86EE-409B42F31D51}.Release|x64.ActiveCfg = Release|x64
		{63D0C2B8-3D9F-4821-86EE-409B42F31D51}.Release|x64.Build.0 = Release|x64
		{63D0C2B8-3D9F-4821-86EE-409B42F31D51}.Release|x86.ActiveCfg = Release|Win32
		{63D0C2B8-3D9F-4821-86EE-409B42F31D51}.Release|x86.Build.0 = Release|Win32
	EndGlobalSection
	GlobalSection(SolutionProperties) = preSolution
		HideSolutionNode = FALSE
	EndGlobalSection
	GlobalSection(ExtensibilityGlobals) = postSolution
		SolutionGuid = {058022B7-E39A-4903-832C-A534FFB6C50A}
	EndGlobalSection
EndGlobal
